
Microsoft Visual Studio Solution File, Format Version 12.00
# Visual Studio Version 16
VisualStudioVersion = 16.0.32413.511
MinimumVisualStudioVersion = 10.0.40219.1
Project("{FAE04EC0-301F-11D3-BF4B-00C04F79EFBC}") = "lab06", "lab06.csproj", "{3EE7A7A7-9DBA-48AA-86F5-7861A1C99BD9}"
EndProject
Global
	GlobalSection(SolutionConfigurationPlatforms) = preSolution
		Debug|Any CPU = Debug|Any CPU
		Release|Any CPU = Release|Any CPU
	EndGlobalSection
	GlobalSection(ProjectConfigurationPlatforms) = postSolution
		{3EE7A7A7-9DBA-48AA-86F5-7861A1C99BD9}.Debug|Any CPU.ActiveCfg = Debug|Any CPU
		{3EE7A7A7-9DBA-48AA-86F5-7861A1C99BD9}.Debug|Any CPU.Build.0 = Debug|Any CPU
		{3EE7A7A7-9DBA-48AA-86F5-7861A1C99BD9}.Release|Any CPU.ActiveCfg = Release|Any CPU
		{3EE7A7A7-9DBA-48AA-86F5-7861A1C99BD9}.Release|Any CPU.Build.0 = Release|Any CPU
	EndGlobalSection
	GlobalSection(SolutionProperties) = preSolution
		HideSolutionNode = FALSE
	EndGlobalSection
	GlobalSection(ExtensibilityGlobals) = postSolution
		SolutionGuid = {239FCC24-06AC-45DA-8C66-C2C5F4A50182}
	EndGlobalSection
EndGlobal
